
Microsoft Visual Studio Solution File, Format Version 12.00
# Visual Studio Version 16
VisualStudioVersion = 16.0.29905.134
MinimumVisualStudioVersion = 10.0.40219.1
Project("{8BC9CEB8-8B4A-11D0-8D11-00A0C91BC942}") = "ThreadSynchronization", "ThreadSynchronization\ThreadSynchronization.vcxproj", "{4356BB70-CFC3-47B4-A787-E4048D3F22F8}"
EndProject
Global
	GlobalSection(SolutionConfigurationPlatforms) = preSolution
		Debug|x64 = Debug|x64
		Debug|x86 = Debug|x86
		Release|x64 = Release|x64
		Release|x86 = Release|x86
	EndGlobalSection
	GlobalSection(ProjectConfigurationPlatforms) = postSolution
		{4356BB70-CFC3-47B4-A787-E4048D3F22F8}.Debug|x64.ActiveCfg = Debug|x64
		{4356BB70-CFC3-47B4-A787-E4048D3F22F8}.Debug|x64.Build.0 = Debug|x64
		{4356BB70-CFC3-47B4-A787-E4048D3F22F8}.Debug|x86.ActiveCfg = Debug|Win32
		{4356BB70-CFC3-47B4-A787-E4048D3F22F8}.Debug|x86.Build.0 = Debug|Win32
		{4356BB70-CFC3-47B4-A787-E4048D3F22F8}.Release|x64.ActiveCfg = Release|x64
		{4356BB70-CFC3-47B4-A787-E4048D3F22F8}.Release|x64.Build.0 = Release|x64
		{4356BB70-CFC3-47B4-A787-E4048D3F22F8}.Release|x86.ActiveCfg = Release|Win32
		{4356BB70-CFC3-47B4-A787-E4048D3F22F8}.Release|x86.Build.0 = Release|Win32
	EndGlobalSection
	GlobalSection(SolutionProperties) = preSolution
		HideSolutionNode = FALSE
	EndGlobalSection
	GlobalSection(ExtensibilityGlobals) = postSolution
		SolutionGuid = {A6E5C1DB-2D44-4E55-B886-CE68AF64E542}
	EndGlobalSection
EndGlobal
